// !$*UTF8*$!
{
	archiveVersion = 1;
	classes = {
	};
	objectVersion = 46;
	objects = {

/* Begin PBXBuildFile section */
		BE1EEAA6194876E6002D59D3 /* TextHandler.swift in Sources */ = {isa = PBXBuildFile; fileRef = BE1EEAA5194876E6002D59D3 /* TextHandler.swift */; };
		BE1EEAA7194876E6002D59D3 /* TextHandler.swift in Sources */ = {isa = PBXBuildFile; fileRef = BE1EEAA5194876E6002D59D3 /* TextHandler.swift */; };
		BEB38F1619D0915900985E0E /* TextToList.h in Resources */ = {isa = PBXBuildFile; fileRef = BECA25C51948576400D3A1DE /* TextToList.h */; };
		BEB38F1719D0918400985E0E /* TextToList.h in Resources */ = {isa = PBXBuildFile; fileRef = BECA25C51948576400D3A1DE /* TextToList.h */; };
		BECA25C61948576400D3A1DE /* TextToList.h in Headers */ = {isa = PBXBuildFile; fileRef = BECA25C51948576400D3A1DE /* TextToList.h */; settings = {ATTRIBUTES = (Public, ); }; };
		BECA25CC1948576400D3A1DE /* TextToList.framework in Frameworks */ = {isa = PBXBuildFile; fileRef = BECA25C01948576400D3A1DE /* TextToList.framework */; };
		BECA25D31948576400D3A1DE /* TextToListTests.swift in Sources */ = {isa = PBXBuildFile; fileRef = BECA25D21948576400D3A1DE /* TextToListTests.swift */; };
/* End PBXBuildFile section */

/* Begin PBXContainerItemProxy section */
		BE579EF6194BAC230031D4C0 /* PBXContainerItemProxy */ = {
			isa = PBXContainerItemProxy;
			containerPortal = BECA25B71948576400D3A1DE /* Project object */;
			proxyType = 1;
			remoteGlobalIDString = BECA25BF1948576400D3A1DE;
			remoteInfo = TextToList;
		};
		BE7FDD0F194B6B330079490E /* PBXContainerItemProxy */ = {
			isa = PBXContainerItemProxy;
			containerPortal = BECA25B71948576400D3A1DE /* Project object */;
			proxyType = 1;
			remoteGlobalIDString = BECA25BF1948576400D3A1DE;
			remoteInfo = TextToList;
		};
		BE7FDD11194B6B330079490E /* PBXContainerItemProxy */ = {
			isa = PBXContainerItemProxy;
			containerPortal = BECA25B71948576400D3A1DE /* Project object */;
			proxyType = 1;
			remoteGlobalIDString = BECA25BF1948576400D3A1DE;
			remoteInfo = TextToList;
		};
		BE7FDD13194B6B700079490E /* PBXContainerItemProxy */ = {
			isa = PBXContainerItemProxy;
			containerPortal = BECA25B71948576400D3A1DE /* Project object */;
			proxyType = 1;
			remoteGlobalIDString = BECA25BF1948576400D3A1DE;
			remoteInfo = TextToList;
		};
		BE7FDD15194B6B800079490E /* PBXContainerItemProxy */ = {
			isa = PBXContainerItemProxy;
			containerPortal = BECA25B71948576400D3A1DE /* Project object */;
			proxyType = 1;
			remoteGlobalIDString = BECA25BF1948576400D3A1DE;
			remoteInfo = TextToList;
		};
		BE7FDD17194B80EF0079490E /* PBXContainerItemProxy */ = {
			isa = PBXContainerItemProxy;
			containerPortal = BECA25B71948576400D3A1DE /* Project object */;
			proxyType = 1;
			remoteGlobalIDString = BECA25BF1948576400D3A1DE;
			remoteInfo = TextToList;
		};
		BEA2FE331949997100C4BA3B /* PBXContainerItemProxy */ = {
			isa = PBXContainerItemProxy;
			containerPortal = BECA25B71948576400D3A1DE /* Project object */;
			proxyType = 1;
			remoteGlobalIDString = BECA25BF1948576400D3A1DE;
			remoteInfo = TextToList;
		};
		BECA25CD1948576400D3A1DE /* PBXContainerItemProxy */ = {
			isa = PBXContainerItemProxy;
			containerPortal = BECA25B71948576400D3A1DE /* Project object */;
			proxyType = 1;
			remoteGlobalIDString = BECA25BF1948576400D3A1DE;
			remoteInfo = TextToList;
		};
		BECA25DC194857D000D3A1DE /* PBXContainerItemProxy */ = {
			isa = PBXContainerItemProxy;
			containerPortal = BECA25B71948576400D3A1DE /* Project object */;
			proxyType = 1;
			remoteGlobalIDString = BECA25BF1948576400D3A1DE;
			remoteInfo = TextToList;
		};
/* End PBXContainerItemProxy section */

/* Begin PBXFileReference section */
		BE1EEAA5194876E6002D59D3 /* TextHandler.swift */ = {isa = PBXFileReference; fileEncoding = 4; lastKnownFileType = sourcecode.swift; path = TextHandler.swift; sourceTree = "<group>"; };
		BEAECCAE1958A1BC00D311D1 /* MyPlayground.playground */ = {isa = PBXFileReference; lastKnownFileType = file.playground; path = MyPlayground.playground; sourceTree = "<group>"; };
		BECA25C01948576400D3A1DE /* TextToList.framework */ = {isa = PBXFileReference; explicitFileType = wrapper.framework; includeInIndex = 0; path = TextToList.framework; sourceTree = BUILT_PRODUCTS_DIR; };
		BECA25C41948576400D3A1DE /* Info.plist */ = {isa = PBXFileReference; lastKnownFileType = text.plist.xml; path = Info.plist; sourceTree = "<group>"; };
		BECA25C51948576400D3A1DE /* TextToList.h */ = {isa = PBXFileReference; lastKnownFileType = sourcecode.c.h; path = TextToList.h; sourceTree = "<group>"; };
		BECA25CB1948576400D3A1DE /* TextToListTests.xctest */ = {isa = PBXFileReference; explicitFileType = wrapper.cfbundle; includeInIndex = 0; path = TextToListTests.xctest; sourceTree = BUILT_PRODUCTS_DIR; };
		BECA25D11948576400D3A1DE /* Info.plist */ = {isa = PBXFileReference; lastKnownFileType = text.plist.xml; path = Info.plist; sourceTree = "<group>"; };
		BECA25D21948576400D3A1DE /* TextToListTests.swift */ = {isa = PBXFileReference; lastKnownFileType = sourcecode.swift; path = TextToListTests.swift; sourceTree = "<group>"; };
/* End PBXFileReference section */

/* Begin PBXFrameworksBuildPhase section */
		BECA25BC1948576400D3A1DE /* Frameworks */ = {
			isa = PBXFrameworksBuildPhase;
			buildActionMask = 2147483647;
			files = (
			);
			runOnlyForDeploymentPostprocessing = 0;
		};
		BECA25C81948576400D3A1DE /* Frameworks */ = {
			isa = PBXFrameworksBuildPhase;
			buildActionMask = 2147483647;
			files = (
				BECA25CC1948576400D3A1DE /* TextToList.framework in Frameworks */,
			);
			runOnlyForDeploymentPostprocessing = 0;
		};
/* End PBXFrameworksBuildPhase section */

/* Begin PBXGroup section */
		BECA25B61948576400D3A1DE = {
			isa = PBXGroup;
			children = (
				BEAECCAE1958A1BC00D311D1 /* MyPlayground.playground */,
				BECA25C21948576400D3A1DE /* TextToList */,
				BECA25CF1948576400D3A1DE /* TextToListTests */,
				BECA25C11948576400D3A1DE /* Products */,
			);
			sourceTree = "<group>";
		};
		BECA25C11948576400D3A1DE /* Products */ = {
			isa = PBXGroup;
			children = (
				BECA25C01948576400D3A1DE /* TextToList.framework */,
				BECA25CB1948576400D3A1DE /* TextToListTests.xctest */,
			);
			name = Products;
			sourceTree = "<group>";
		};
		BECA25C21948576400D3A1DE /* TextToList */ = {
			isa = PBXGroup;
			children = (
				BECA25C51948576400D3A1DE /* TextToList.h */,
				BECA25C31948576400D3A1DE /* Supporting Files */,
				BE1EEAA5194876E6002D59D3 /* TextHandler.swift */,
			);
			path = TextToList;
			sourceTree = "<group>";
		};
		BECA25C31948576400D3A1DE /* Supporting Files */ = {
			isa = PBXGroup;
			children = (
				BECA25C41948576400D3A1DE /* Info.plist */,
			);
			name = "Supporting Files";
			sourceTree = "<group>";
		};
		BECA25CF1948576400D3A1DE /* TextToListTests */ = {
			isa = PBXGroup;
			children = (
				BECA25D21948576400D3A1DE /* TextToListTests.swift */,
				BECA25D01948576400D3A1DE /* Supporting Files */,
			);
			path = TextToListTests;
			sourceTree = "<group>";
		};
		BECA25D01948576400D3A1DE /* Supporting Files */ = {
			isa = PBXGroup;
			children = (
				BECA25D11948576400D3A1DE /* Info.plist */,
			);
			name = "Supporting Files";
			sourceTree = "<group>";
		};
/* End PBXGroup section */

/* Begin PBXHeadersBuildPhase section */
		BECA25BD1948576400D3A1DE /* Headers */ = {
			isa = PBXHeadersBuildPhase;
			buildActionMask = 2147483647;
			files = (
				BECA25C61948576400D3A1DE /* TextToList.h in Headers */,
			);
			runOnlyForDeploymentPostprocessing = 0;
		};
/* End PBXHeadersBuildPhase section */

/* Begin PBXNativeTarget section */
		BECA25BF1948576400D3A1DE /* TextToList */ = {
			isa = PBXNativeTarget;
			buildConfigurationList = BECA25D61948576400D3A1DE /* Build configuration list for PBXNativeTarget "TextToList" */;
			buildPhases = (
				BECA25BB1948576400D3A1DE /* Sources */,
				BECA25BC1948576400D3A1DE /* Frameworks */,
				BECA25BD1948576400D3A1DE /* Headers */,
				BECA25BE1948576400D3A1DE /* Resources */,
			);
			buildRules = (
			);
			dependencies = (
			);
			name = TextToList;
			productName = TextToList;
			productReference = BECA25C01948576400D3A1DE /* TextToList.framework */;
			productType = "com.apple.product-type.framework";
		};
		BECA25CA1948576400D3A1DE /* TextToListTests */ = {
			isa = PBXNativeTarget;
			buildConfigurationList = BECA25D91948576400D3A1DE /* Build configuration list for PBXNativeTarget "TextToListTests" */;
			buildPhases = (
				BECA25C71948576400D3A1DE /* Sources */,
				BECA25C81948576400D3A1DE /* Frameworks */,
				BECA25C91948576400D3A1DE /* Resources */,
			);
			buildRules = (
			);
			dependencies = (
				BECA25CE1948576400D3A1DE /* PBXTargetDependency */,
				BECA25DD194857D000D3A1DE /* PBXTargetDependency */,
				BEA2FE341949997100C4BA3B /* PBXTargetDependency */,
				BE7FDD10194B6B330079490E /* PBXTargetDependency */,
				BE7FDD12194B6B330079490E /* PBXTargetDependency */,
				BE7FDD14194B6B700079490E /* PBXTargetDependency */,
				BE7FDD16194B6B800079490E /* PBXTargetDependency */,
				BE7FDD18194B80EF0079490E /* PBXTargetDependency */,
				BE579EF7194BAC230031D4C0 /* PBXTargetDependency */,
			);
			name = TextToListTests;
			productName = TextToListTests;
			productReference = BECA25CB1948576400D3A1DE /* TextToListTests.xctest */;
			productType = "com.apple.product-type.bundle.unit-test";
		};
/* End PBXNativeTarget section */

/* Begin PBXProject section */
		BECA25B71948576400D3A1DE /* Project object */ = {
			isa = PBXProject;
			attributes = {
				LastUpgradeCheck = 0600;
				ORGANIZATIONNAME = "Human Friendly Ltd.";
				TargetAttributes = {
					BECA25BF1948576400D3A1DE = {
						CreatedOnToolsVersion = 6.0;
					};
					BECA25CA1948576400D3A1DE = {
						CreatedOnToolsVersion = 6.0;
						TestTargetID = BECA25BF1948576400D3A1DE;
					};
				};
			};
			buildConfigurationList = BECA25BA1948576400D3A1DE /* Build configuration list for PBXProject "TextToList" */;
			compatibilityVersion = "Xcode 3.2";
			developmentRegion = English;
			hasScannedForEncodings = 0;
			knownRegions = (
				en,
			);
			mainGroup = BECA25B61948576400D3A1DE;
			productRefGroup = BECA25C11948576400D3A1DE /* Products */;
			projectDirPath = "";
			projectRoot = "";
			targets = (
				BECA25BF1948576400D3A1DE /* TextToList */,
				BECA25CA1948576400D3A1DE /* TextToListTests */,
			);
		};
/* End PBXProject section */

/* Begin PBXResourcesBuildPhase section */
		BECA25BE1948576400D3A1DE /* Resources */ = {
			isa = PBXResourcesBuildPhase;
			buildActionMask = 2147483647;
			files = (
				BEB38F1619D0915900985E0E /* TextToList.h in Resources */,
			);
			runOnlyForDeploymentPostprocessing = 0;
		};
		BECA25C91948576400D3A1DE /* Resources */ = {
			isa = PBXResourcesBuildPhase;
			buildActionMask = 2147483647;
			files = (
				BEB38F1719D0918400985E0E /* TextToList.h in Resources */,
			);
			runOnlyForDeploymentPostprocessing = 0;
		};
/* End PBXResourcesBuildPhase section */

/* Begin PBXSourcesBuildPhase section */
		BECA25BB1948576400D3A1DE /* Sources */ = {
			isa = PBXSourcesBuildPhase;
			buildActionMask = 2147483647;
			files = (
				BE1EEAA6194876E6002D59D3 /* TextHandler.swift in Sources */,
			);
			runOnlyForDeploymentPostprocessing = 0;
		};
		BECA25C71948576400D3A1DE /* Sources */ = {
			isa = PBXSourcesBuildPhase;
			buildActionMask = 2147483647;
			files = (
				BE1EEAA7194876E6002D59D3 /* TextHandler.swift in Sources */,
				BECA25D31948576400D3A1DE /* TextToListTests.swift in Sources */,
			);
			runOnlyForDeploymentPostprocessing = 0;
		};
/* End PBXSourcesBuildPhase section */

/* Begin PBXTargetDependency section */
		BE579EF7194BAC230031D4C0 /* PBXTargetDependency */ = {
			isa = PBXTargetDependency;
			target = BECA25BF1948576400D3A1DE /* TextToList */;
			targetProxy = BE579EF6194BAC230031D4C0 /* PBXContainerItemProxy */;
		};
		BE7FDD10194B6B330079490E /* PBXTargetDependency */ = {
			isa = PBXTargetDependency;
			target = BECA25BF1948576400D3A1DE /* TextToList */;
			targetProxy = BE7FDD0F194B6B330079490E /* PBXContainerItemProxy */;
		};
		BE7FDD12194B6B330079490E /* PBXTargetDependency */ = {
			isa = PBXTargetDependency;
			target = BECA25BF1948576400D3A1DE /* TextToList */;
			targetProxy = BE7FDD11194B6B330079490E /* PBXContainerItemProxy */;
		};
		BE7FDD14194B6B700079490E /* PBXTargetDependency */ = {
			isa = PBXTargetDependency;
			target = BECA25BF1948576400D3A1DE /* TextToList */;
			targetProxy = BE7FDD13194B6B700079490E /* PBXContainerItemProxy */;
		};
		BE7FDD16194B6B800079490E /* PBXTargetDependency */ = {
			isa = PBXTargetDependency;
			target = BECA25BF1948576400D3A1DE /* TextToList */;
			targetProxy = BE7FDD15194B6B800079490E /* PBXContainerItemProxy */;
		};
		BE7FDD18194B80EF0079490E /* PBXTargetDependency */ = {
			isa = PBXTargetDependency;
			target = BECA25BF1948576400D3A1DE /* TextToList */;
			targetProxy = BE7FDD17194B80EF0079490E /* PBXContainerItemProxy */;
		};
		BEA2FE341949997100C4BA3B /* PBXTargetDependency */ = {
			isa = PBXTargetDependency;
			target = BECA25BF1948576400D3A1DE /* TextToList */;
			targetProxy = BEA2FE331949997100C4BA3B /* PBXContainerItemProxy */;
		};
		BECA25CE1948576400D3A1DE /* PBXTargetDependency */ = {
			isa = PBXTargetDependency;
			target = BECA25BF1948576400D3A1DE /* TextToList */;
			targetProxy = BECA25CD1948576400D3A1DE /* PBXContainerItemProxy */;
		};
		BECA25DD194857D000D3A1DE /* PBXTargetDependency */ = {
			isa = PBXTargetDependency;
			target = BECA25BF1948576400D3A1DE /* TextToList */;
			targetProxy = BECA25DC194857D000D3A1DE /* PBXContainerItemProxy */;
		};
/* End PBXTargetDependency section */

/* Begin XCBuildConfiguration section */
		BECA25D41948576400D3A1DE /* Debug */ = {
			isa = XCBuildConfiguration;
			buildSettings = {
				ALWAYS_SEARCH_USER_PATHS = NO;
				CLANG_CXX_LANGUAGE_STANDARD = "gnu++0x";
				CLANG_CXX_LIBRARY = "libc++";
				CLANG_ENABLE_MODULES = YES;
				CLANG_ENABLE_OBJC_ARC = YES;
				CLANG_WARN_BOOL_CONVERSION = YES;
				CLANG_WARN_CONSTANT_CONVERSION = YES;
				CLANG_WARN_DIRECT_OBJC_ISA_USAGE = YES_ERROR;
				CLANG_WARN_EMPTY_BODY = YES;
				CLANG_WARN_ENUM_CONVERSION = YES;
				CLANG_WARN_INT_CONVERSION = YES;
				CLANG_WARN_OBJC_ROOT_CLASS = YES_ERROR;
				CLANG_WARN_UNREACHABLE_CODE = YES;
				CLANG_WARN__DUPLICATE_METHOD_MATCH = YES;
				"CODE_SIGN_IDENTITY[sdk=iphoneos*]" = "iPhone Developer";
				COPY_PHASE_STRIP = NO;
				CURRENT_PROJECT_VERSION = 1;
				ENABLE_STRICT_OBJC_MSGSEND = YES;
				GCC_C_LANGUAGE_STANDARD = gnu99;
				GCC_DYNAMIC_NO_PIC = NO;
				GCC_OPTIMIZATION_LEVEL = 0;
				GCC_PREPROCESSOR_DEFINITIONS = (
					"DEBUG=1",
					"$(inherited)",
				);
				GCC_SYMBOLS_PRIVATE_EXTERN = NO;
				GCC_WARN_64_TO_32_BIT_CONVERSION = YES;
				GCC_WARN_ABOUT_RETURN_TYPE = YES_ERROR;
				GCC_WARN_UNDECLARED_SELECTOR = YES;
				GCC_WARN_UNINITIALIZED_AUTOS = YES_AGGRESSIVE;
				GCC_WARN_UNUSED_FUNCTION = YES;
				GCC_WARN_UNUSED_VARIABLE = YES;
				IPHONEOS_DEPLOYMENT_TARGET = 7.0;
				METAL_ENABLE_DEBUG_INFO = YES;
				ONLY_ACTIVE_ARCH = YES;
				SDKROOT = iphoneos;
				SWIFT_OPTIMIZATION_LEVEL = "-Onone";
				TARGETED_DEVICE_FAMILY = "1,2";
				VERSIONING_SYSTEM = "apple-generic";
				VERSION_INFO_PREFIX = "";
			};
			name = Debug;
		};
		BECA25D51948576400D3A1DE /* Release */ = {
			isa = XCBuildConfiguration;
			buildSettings = {
				ALWAYS_SEARCH_USER_PATHS = NO;
				CLANG_CXX_LANGUAGE_STANDARD = "gnu++0x";
				CLANG_CXX_LIBRARY = "libc++";
				CLANG_ENABLE_MODULES = YES;
				CLANG_ENABLE_OBJC_ARC = YES;
				CLANG_WARN_BOOL_CONVERSION = YES;
				CLANG_WARN_CONSTANT_CONVERSION = YES;
				CLANG_WARN_DIRECT_OBJC_ISA_USAGE = YES_ERROR;
				CLANG_WARN_EMPTY_BODY = YES;
				CLANG_WARN_ENUM_CONVERSION = YES;
				CLANG_WARN_INT_CONVERSION = YES;
				CLANG_WARN_OBJC_ROOT_CLASS = YES_ERROR;
				CLANG_WARN_UNREACHABLE_CODE = YES;
				CLANG_WARN__DUPLICATE_METHOD_MATCH = YES;
				"CODE_SIGN_IDENTITY[sdk=iphoneos*]" = "iPhone Developer";
				COPY_PHASE_STRIP = YES;
				CURRENT_PROJECT_VERSION = 1;
				ENABLE_NS_ASSERTIONS = NO;
				ENABLE_STRICT_OBJC_MSGSEND = YES;
				GCC_C_LANGUAGE_STANDARD = gnu99;
				GCC_WARN_64_TO_32_BIT_CONVERSION = YES;
				GCC_WARN_ABOUT_RETURN_TYPE = YES_ERROR;
				GCC_WARN_UNDECLARED_SELECTOR = YES;
				GCC_WARN_UNINITIALIZED_AUTOS = YES_AGGRESSIVE;
				GCC_WARN_UNUSED_FUNCTION = YES;
				GCC_WARN_UNUSED_VARIABLE = YES;
				IPHONEOS_DEPLOYMENT_TARGET = 7.0;
				METAL_ENABLE_DEBUG_INFO = NO;
				SDKROOT = iphoneos;
				TARGETED_DEVICE_FAMILY = "1,2";
				VALIDATE_PRODUCT = YES;
				VERSIONING_SYSTEM = "apple-generic";
				VERSION_INFO_PREFIX = "";
			};
			name = Release;
		};
		BECA25D71948576400D3A1DE /* Debug */ = {
			isa = XCBuildConfiguration;
			buildSettings = {
				CLANG_ENABLE_MODULES = YES;
				DEFINES_MODULE = YES;
				DYLIB_COMPATIBILITY_VERSION = 1;
				DYLIB_CURRENT_VERSION = 1;
				DYLIB_INSTALL_NAME_BASE = "@rpath";
				INFOPLIST_FILE = TextToList/Info.plist;
				INSTALL_PATH = "$(LOCAL_LIBRARY_DIR)/Frameworks";
				IPHONEOS_DEPLOYMENT_TARGET = 7.0;
				LD_RUNPATH_SEARCH_PATHS = "$(inherited) @executable_path/Frameworks @loader_path/Frameworks";
				PRODUCT_NAME = "$(TARGET_NAME)";
				SKIP_INSTALL = YES;
				SWIFT_OPTIMIZATION_LEVEL = "-Onone";
			};
			name = Debug;
		};
		BECA25D81948576400D3A1DE /* Release */ = {
			isa = XCBuildConfiguration;
			buildSettings = {
				CLANG_ENABLE_MODULES = YES;
				DEFINES_MODULE = YES;
				DYLIB_COMPATIBILITY_VERSION = 1;
				DYLIB_CURRENT_VERSION = 1;
				DYLIB_INSTALL_NAME_BASE = "@rpath";
				INFOPLIST_FILE = TextToList/Info.plist;
				INSTALL_PATH = "$(LOCAL_LIBRARY_DIR)/Frameworks";
				IPHONEOS_DEPLOYMENT_TARGET = 7.0;
				LD_RUNPATH_SEARCH_PATHS = "$(inherited) @executable_path/Frameworks @loader_path/Frameworks";
				PRODUCT_NAME = "$(TARGET_NAME)";
				SKIP_INSTALL = YES;
			};
			name = Release;
		};
		BECA25DA1948576400D3A1DE /* Debug */ = {
			isa = XCBuildConfiguration;
			buildSettings = {
				FRAMEWORK_SEARCH_PATHS = (
					"$(SDKROOT)/Developer/Library/Frameworks",
					"$(inherited)",
				);
				GCC_PREPROCESSOR_DEFINITIONS = (
					"DEBUG=1",
					"$(inherited)",
				);
				INFOPLIST_FILE = TextToListTests/Info.plist;
				IPHONEOS_DEPLOYMENT_TARGET = 7.0;
				LD_RUNPATH_SEARCH_PATHS = "$(inherited) @executable_path/Frameworks @loader_path/Frameworks";
				METAL_ENABLE_DEBUG_INFO = YES;
				PRODUCT_NAME = "$(TARGET_NAME)";
			};
			name = Debug;
		};
		BECA25DB1948576400D3A1DE /* Release */ = {
			isa = XCBuildConfiguration;
			buildSettings = {
				FRAMEWORK_SEARCH_PATHS = (
					"$(SDKROOT)/Developer/Library/Frameworks",
					"$(inherited)",
				);
				INFOPLIST_FILE = TextToListTests/Info.plist;
				IPHONEOS_DEPLOYMENT_TARGET = 7.0;
				LD_RUNPATH_SEARCH_PATHS = "$(inherited) @executable_path/Frameworks @loader_path/Frameworks";
				METAL_ENABLE_DEBUG_INFO = NO;
				PRODUCT_NAME = "$(TARGET_NAME)";
			};
			name = Release;
		};
/* End XCBuildConfiguration section */

/* Begin XCConfigurationList section */
		BECA25BA1948576400D3A1DE /* Build configuration list for PBXProject "TextToList" */ = {
			isa = XCConfigurationList;
			buildConfigurations = (
				BECA25D41948576400D3A1DE /* Debug */,
				BECA25D51948576400D3A1DE /* Release */,
			);
			defaultConfigurationIsVisible = 0;
			defaultConfigurationName = Release;
		};
		BECA25D61948576400D3A1DE /* Build configuration list for PBXNativeTarget "TextToList" */ = {
			isa = XCConfigurationList;
			buildConfigurations = (
				BECA25D71948576400D3A1DE /* Debug */,
				BECA25D81948576400D3A1DE /* Release */,
			);
			defaultConfigurationIsVisible = 0;
			defaultConfigurationName = Release;
		};
		BECA25D91948576400D3A1DE /* Build configuration list for PBXNativeTarget "TextToListTests" */ = {
			isa = XCConfigurationList;
			buildConfigurations = (
				BECA25DA1948576400D3A1DE /* Debug */,
				BECA25DB1948576400D3A1DE /* Release */,
			);
			defaultConfigurationIsVisible = 0;
			defaultConfigurationName = Release;
		};
/* End XCConfigurationList section */
	};
	rootObject = BECA25B71948576400D3A1DE /* Project object */;
}
